
Microsoft Visual Studio Solution File, Format Version 12.00
# Visual Studio Version 16
VisualStudioVersion = 16.0.32126.315
MinimumVisualStudioVersion = 10.0.40219.1
Project("{FAE04EC0-301F-11D3-BF4B-00C04F79EFBC}") = "Parcial2Xamarin.Android", "Parcial2Xamarin\Parcial2Xamarin.Android\Parcial2Xamarin.Android.csproj", "{BD9B1C53-A7CA-4B96-954B-775B73FEB7E8}"
EndProject
Project("{FAE04EC0-301F-11D3-BF4B-00C04F79EFBC}") = "Parcial2Xamarin.iOS", "Parcial2Xamarin\Parcial2Xamarin.iOS\Parcial2Xamarin.iOS.csproj", "{DDE1CFF3-9848-40EB-B391-E290C8E0A064}"
EndProject
Project("{FAE04EC0-301F-11D3-BF4B-00C04F79EFBC}") = "Parcial2Xamarin", "Parcial2Xamarin\Parcial2Xamarin\Parcial2Xamarin.csproj", "{AEBFB8B4-8974-4B94-BE8F-F4414CE4BF3C}"
EndProject
Global
	GlobalSection(SolutionConfigurationPlatforms) = preSolution
		Debug|Any CPU = Debug|Any CPU
		Debug|iPhone = Debug|iPhone
		Debug|iPhoneSimulator = Debug|iPhoneSimulator
		Release|Any CPU = Release|Any CPU
		Release|iPhone = Release|iPhone
		Release|iPhoneSimulator = Release|iPhoneSimulator
	EndGlobalSection
	GlobalSection(ProjectConfigurationPlatforms) = postSolution
		{BD9B1C53-A7CA-4B96-954B-775B73FEB7E8}.Debug|Any CPU.ActiveCfg = Debug|Any CPU
		{BD9B1C53-A7CA-4B96-954B-775B73FEB7E8}.Debug|Any CPU.Build.0 = Debug|Any CPU
		{BD9B1C53-A7CA-4B96-954B-775B73FEB7E8}.Debug|Any CPU.Deploy.0 = Debug|Any CPU
		{BD9B1C53-A7CA-4B96-954B-775B73FEB7E8}.Debug|iPhone.ActiveCfg = Debug|Any CPU
		{BD9B1C53-A7CA-4B96-954B-775B73FEB7E8}.Debug|iPhone.Build.0 = Debug|Any CPU
		{BD9B1C53-A7CA-4B96-954B-775B73FEB7E8}.Debug|iPhone.Deploy.0 = Debug|Any CPU
		{BD9B1C53-A7CA-4B96-954B-775B73FEB7E8}.Debug|iPhoneSimulator.ActiveCfg = Debug|Any CPU
		{BD9B1C53-A7CA-4B96-954B-775B73FEB7E8}.Debug|iPhoneSimulator.Build.0 = Debug|Any CPU
		{BD9B1C53-A7CA-4B96-954B-775B73FEB7E8}.Debug|iPhoneSimulator.Deploy.0 = Debug|Any CPU
		{BD9B1C53-A7CA-4B96-954B-775B73FEB7E8}.Release|Any CPU.ActiveCfg = Release|Any CPU
		{BD9B1C53-A7CA-4B96-954B-775B73FEB7E8}.Release|Any CPU.Build.0 = Release|Any CPU
		{BD9B1C53-A7CA-4B96-954B-775B73FEB7E8}.Release|Any CPU.Deploy.0 = Release|Any CPU
		{BD9B1C53-A7CA-4B96-954B-775B73FEB7E8}.Release|iPhone.ActiveCfg = Release|Any CPU
		{BD9B1C53-A7CA-4B96-954B-775B73FEB7E8}.Release|iPhone.Build.0 = Release|Any CPU
		{BD9B1C53-A7CA-4B96-954B-775B73FEB7E8}.Release|iPhone.Deploy.0 = Release|Any CPU
		{BD9B1C53-A7CA-4B96-954B-775B73FEB7E8}.Release|iPhoneSimulator.ActiveCfg = Release|Any CPU
		{BD9B1C53-A7CA-4B96-954B-775B73FEB7E8}.Release|iPhoneSimulator.Build.0 = Release|Any CPU
		{BD9B1C53-A7CA-4B96-954B-775B73FEB7E8}.Release|iPhoneSimulator.Deploy.0 = Release|Any CPU
		{DDE1CFF3-9848-40EB-B391-E290C8E0A064}.Debug|Any CPU.ActiveCfg = Debug|iPhone
		{DDE1CFF3-9848-40EB-B391-E290C8E0A064}.Debug|Any CPU.Build.0 = Debug|iPhone
		{DDE1CFF3-9848-40EB-B391-E290C8E0A064}.Debug|Any CPU.Deploy.0 = Debug|iPhone
		{DDE1CFF3-9848-40EB-B391-E290C8E0A064}.Debug|iPhone.ActiveCfg = Debug|iPhone
		{DDE1CFF3-9848-40EB-B391-E290C8E0A064}.Debug|iPhone.Build.0 = Debug|iPhone
		{DDE1CFF3-9848-40EB-B391-E290C8E0A064}.Debug|iPhone.Deploy.0 = Debug|iPhone
		{DDE1CFF3-9848-40EB-B391-E290C8E0A064}.Debug|iPhoneSimulator.ActiveCfg = Debug|iPhoneSimulator
		{DDE1CFF3-9848-40EB-B391-E290C8E0A064}.Debug|iPhoneSimulator.Build.0 = Debug|iPhoneSimulator
		{DDE1CFF3-9848-40EB-B391-E290C8E0A064}.Debug|iPhoneSimulator.Deploy.0 = Debug|iPhoneSimulator
		{DDE1CFF3-9848-40EB-B391-E290C8E0A064}.Release|Any CPU.ActiveCfg = Release|iPhoneSimulator
		{DDE1CFF3-9848-40EB-B391-E290C8E0A064}.Release|Any CPU.Build.0 = Release|iPhoneSimulator
		{DDE1CFF3-9848-40EB-B391-E290C8E0A064}.Release|Any CPU.Deploy.0 = Release|iPhoneSimulator
		{DDE1CFF3-9848-40EB-B391-E290C8E0A064}.Release|iPhone.ActiveCfg = Release|iPhone
		{DDE1CFF3-9848-40EB-B391-E290C8E0A064}.Release|iPhone.Build.0 = Release|iPhone
		{DDE1CFF3-9848-40EB-B391-E290C8E0A064}.Release|iPhone.Deploy.0 = Release|iPhone
		{DDE1CFF3-9848-40EB-B391-E290C8E0A064}.Release|iPhoneSimulator.ActiveCfg = Release|iPhoneSimulator
		{DDE1CFF3-9848-40EB-B391-E290C8E0A064}.Release|iPhoneSimulator.Build.0 = Release|iPhoneSimulator
		{DDE1CFF3-9848-40EB-B391-E290C8E0A064}.Release|iPhoneSimulator.Deploy.0 = Release|iPhoneSimulator
		{AEBFB8B4-8974-4B94-BE8F-F4414CE4BF3C}.Debug|Any CPU.ActiveCfg = Debug|Any CPU
		{AEBFB8B4-8974-4B94-BE8F-F4414CE4BF3C}.Debug|Any CPU.Build.0 = Debug|Any CPU
		{AEBFB8B4-8974-4B94-BE8F-F4414CE4BF3C}.Debug|Any CPU.Deploy.0 = Debug|Any CPU
		{AEBFB8B4-8974-4B94-BE8F-F4414CE4BF3C}.Debug|iPhone.ActiveCfg = Debug|Any CPU
		{AEBFB8B4-8974-4B94-BE8F-F4414CE4BF3C}.Debug|iPhone.Build.0 = Debug|Any CPU
		{AEBFB8B4-8974-4B94-BE8F-F4414CE4BF3C}.Debug|iPhone.Deploy.0 = Debug|Any CPU
		{AEBFB8B4-8974-4B94-BE8F-F4414CE4BF3C}.Debug|iPhoneSimulator.ActiveCfg = Debug|Any CPU
		{AEBFB8B4-8974-4B94-BE8F-F4414CE4BF3C}.Debug|iPhoneSimulator.Build.0 = Debug|Any CPU
		{AEBFB8B4-8974-4B94-BE8F-F4414CE4BF3C}.Debug|iPhoneSimulator.Deploy.0 = Debug|Any CPU
		{AEBFB8B4-8974-4B94-BE8F-F4414CE4BF3C}.Release|Any CPU.ActiveCfg = Release|Any CPU
		{AEBFB8B4-8974-4B94-BE8F-F4414CE4BF3C}.Release|Any CPU.Build.0 = Release|Any CPU
		{AEBFB8B4-8974-4B94-BE8F-F4414CE4BF3C}.Release|Any CPU.Deploy.0 = Release|Any CPU
		{AEBFB8B4-8974-4B94-BE8F-F4414CE4BF3C}.Release|iPhone.ActiveCfg = Release|Any CPU
		{AEBFB8B4-8974-4B94-BE8F-F4414CE4BF3C}.Release|iPhone.Build.0 = Release|Any CPU
		{AEBFB8B4-8974-4B94-BE8F-F4414CE4BF3C}.Release|iPhone.Deploy.0 = Release|Any CPU
		{AEBFB8B4-8974-4B94-BE8F-F4414CE4BF3C}.Release|iPhoneSimulator.ActiveCfg = Release|Any CPU
		{AEBFB8B4-8974-4B94-BE8F-F4414CE4BF3C}.Release|iPhoneSimulator.Build.0 = Release|Any CPU
		{AEBFB8B4-8974-4B94-BE8F-F4414CE4BF3C}.Release|iPhoneSimulator.Deploy.0 = Release|Any CPU
	EndGlobalSection
	GlobalSection(SolutionProperties) = preSolution
		HideSolutionNode = FALSE
	EndGlobalSection
	GlobalSection(ExtensibilityGlobals) = postSolution
		SolutionGuid = {3E1D5697-CF8E-4F08-9826-33D69A8B4043}
	EndGlobalSection
EndGlobal
